
Microsoft Visual Studio Solution File, Format Version 12.00
# Visual Studio Version 17
VisualStudioVersion = 17.7.34031.279
MinimumVisualStudioVersion = 10.0.40219.1
Project("{FAE04EC0-301F-11D3-BF4B-00C04F79EFBC}") = "Entity", "Entity\Entity.csproj", "{3B3DC449-63F9-460D-808C-8EF2FE983F37}"
EndProject
Project("{FAE04EC0-301F-11D3-BF4B-00C04F79EFBC}") = "DAL", "DAL\DAL.csproj", "{62094C66-0514-4AD5-954E-8F04EFB03C56}"
EndProject
Project("{FAE04EC0-301F-11D3-BF4B-00C04F79EFBC}") = "BLL", "BLL\BLL.csproj", "{D6DE54C6-DA76-4A82-98D3-A9F5D97CD420}"
EndProject
Project("{FAE04EC0-301F-11D3-BF4B-00C04F79EFBC}") = "GUI", "GUI\GUI.csproj", "{9EBEF9BB-220B-4F29-B0A7-F53AE0191190}"
EndProject
Global
	GlobalSection(SolutionConfigurationPlatforms) = preSolution
		Debug|Any CPU = Debug|Any CPU
		Release|Any CPU = Release|Any CPU
	EndGlobalSection
	GlobalSection(ProjectConfigurationPlatforms) = postSolution
		{3B3DC449-63F9-460D-808C-8EF2FE983F37}.Debug|Any CPU.ActiveCfg = Debug|Any CPU
		{3B3DC449-63F9-460D-808C-8EF2FE983F37}.Debug|Any CPU.Build.0 = Debug|Any CPU
		{3B3DC449-63F9-460D-808C-8EF2FE983F37}.Release|Any CPU.ActiveCfg = Release|Any CPU
		{3B3DC449-63F9-460D-808C-8EF2FE983F37}.Release|Any CPU.Build.0 = Release|Any CPU
		{62094C66-0514-4AD5-954E-8F04EFB03C56}.Debug|Any CPU.ActiveCfg = Debug|Any CPU
		{62094C66-0514-4AD5-954E-8F04EFB03C56}.Debug|Any CPU.Build.0 = Debug|Any CPU
		{62094C66-0514-4AD5-954E-8F04EFB03C56}.Release|Any CPU.ActiveCfg = Release|Any CPU
		{62094C66-0514-4AD5-954E-8F04EFB03C56}.Release|Any CPU.Build.0 = Release|Any CPU
		{D6DE54C6-DA76-4A82-98D3-A9F5D97CD420}.Debug|Any CPU.ActiveCfg = Debug|Any CPU
		{D6DE54C6-DA76-4A82-98D3-A9F5D97CD420}.Debug|Any CPU.Build.0 = Debug|Any CPU
		{D6DE54C6-DA76-4A82-98D3-A9F5D97CD420}.Release|Any CPU.ActiveCfg = Release|Any CPU
		{D6DE54C6-DA76-4A82-98D3-A9F5D97CD420}.Release|Any CPU.Build.0 = Release|Any CPU
		{9EBEF9BB-220B-4F29-B0A7-F53AE0191190}.Debug|Any CPU.ActiveCfg = Debug|Any CPU
		{9EBEF9BB-220B-4F29-B0A7-F53AE0191190}.Debug|Any CPU.Build.0 = Debug|Any CPU
		{9EBEF9BB-220B-4F29-B0A7-F53AE0191190}.Release|Any CPU.ActiveCfg = Release|Any CPU
		{9EBEF9BB-220B-4F29-B0A7-F53AE0191190}.Release|Any CPU.Build.0 = Release|Any CPU
	EndGlobalSection
	GlobalSection(SolutionProperties) = preSolution
		HideSolutionNode = FALSE
	EndGlobalSection
	GlobalSection(ExtensibilityGlobals) = postSolution
		SolutionGuid = {1813FD36-851D-49F6-94C4-AE62CE413B69}
	EndGlobalSection
EndGlobal
